
Microsoft Visual Studio Solution File, Format Version 12.00
# Visual Studio 15
VisualStudioVersion = 15.0.27130.2027
MinimumVisualStudioVersion = 10.0.40219.1
Project("{FAE04EC0-301F-11D3-BF4B-00C04F79EFBC}") = "AssemblyChecker", "Source\AssemblyChecker\AssemblyChecker.csproj", "{8532E4C2-1F5D-49A7-81AA-DB4E61AE757F}"
EndProject
Project("{2150E333-8FDC-42A3-9474-1A3956D46DE8}") = "Solution Items", "Solution Items", "{F9056B78-CE95-4535-8089-C92C64303299}"
	ProjectSection(SolutionItems) = preProject
		Readme.md = Readme.md
	EndProjectSection
EndProject
Global
	GlobalSection(SolutionConfigurationPlatforms) = preSolution
		Debug|x86 = Debug|x86
		Release|x86 = Release|x86
	EndGlobalSection
	GlobalSection(ProjectConfigurationPlatforms) = postSolution
		{8532E4C2-1F5D-49A7-81AA-DB4E61AE757F}.Debug|x86.ActiveCfg = Debug|x86
		{8532E4C2-1F5D-49A7-81AA-DB4E61AE757F}.Debug|x86.Build.0 = Debug|x86
		{8532E4C2-1F5D-49A7-81AA-DB4E61AE757F}.Release|x86.ActiveCfg = Release|x86
		{8532E4C2-1F5D-49A7-81AA-DB4E61AE757F}.Release|x86.Build.0 = Release|x86
	EndGlobalSection
	GlobalSection(SolutionProperties) = preSolution
		HideSolutionNode = FALSE
	EndGlobalSection
	GlobalSection(ExtensibilityGlobals) = postSolution
		SolutionGuid = {4D5BCC8E-79D6-4D95-8D3C-E5E9E04EDD5B}
	EndGlobalSection
EndGlobal
